
Microsoft Visual Studio Solution File, Format Version 12.00
# Visual Studio Version 17
VisualStudioVersion = 17.9.34728.123
MinimumVisualStudioVersion = 10.0.40219.1
Project("{9A19103F-16F7-4668-BE54-9A1E7A4F7556}") = "ScraperAPI", "ScraperAPI\ScraperAPI.csproj", "{28849F88-52CB-4A3A-88CB-FA5F7881F357}"
EndProject
Project("{FAE04EC0-301F-11D3-BF4B-00C04F79EFBC}") = "Blazor", "Blazor\Blazor.csproj", "{133EE6C3-1D08-4E82-B34C-ABFE89005D62}"
	ProjectSection(ProjectDependencies) = postProject
		{28849F88-52CB-4A3A-88CB-FA5F7881F357} = {28849F88-52CB-4A3A-88CB-FA5F7881F357}
	EndProjectSection
EndProject
Project("{FAE04EC0-301F-11D3-BF4B-00C04F79EFBC}") = "Cmd", "Cmd\Cmd.csproj", "{BF86F22B-ED58-4351-9C53-7BE2A1547BF9}"
EndProject
Project("{FAE04EC0-301F-11D3-BF4B-00C04F79EFBC}") = "Common", "Common_\Common.csproj", "{41E04BF1-A503-4FC9-B707-5C9AD3D8D2AF}"
EndProject
Global
	GlobalSection(SolutionConfigurationPlatforms) = preSolution
		Debug|Any CPU = Debug|Any CPU
		Release|Any CPU = Release|Any CPU
	EndGlobalSection
	GlobalSection(ProjectConfigurationPlatforms) = postSolution
		{28849F88-52CB-4A3A-88CB-FA5F7881F357}.Debug|Any CPU.ActiveCfg = Debug|Any CPU
		{28849F88-52CB-4A3A-88CB-FA5F7881F357}.Debug|Any CPU.Build.0 = Debug|Any CPU
		{28849F88-52CB-4A3A-88CB-FA5F7881F357}.Release|Any CPU.ActiveCfg = Release|Any CPU
		{28849F88-52CB-4A3A-88CB-FA5F7881F357}.Release|Any CPU.Build.0 = Release|Any CPU
		{133EE6C3-1D08-4E82-B34C-ABFE89005D62}.Debug|Any CPU.ActiveCfg = Debug|Any CPU
		{133EE6C3-1D08-4E82-B34C-ABFE89005D62}.Debug|Any CPU.Build.0 = Debug|Any CPU
		{133EE6C3-1D08-4E82-B34C-ABFE89005D62}.Release|Any CPU.ActiveCfg = Release|Any CPU
		{133EE6C3-1D08-4E82-B34C-ABFE89005D62}.Release|Any CPU.Build.0 = Release|Any CPU
		{BF86F22B-ED58-4351-9C53-7BE2A1547BF9}.Debug|Any CPU.ActiveCfg = Debug|Any CPU
		{BF86F22B-ED58-4351-9C53-7BE2A1547BF9}.Debug|Any CPU.Build.0 = Debug|Any CPU
		{BF86F22B-ED58-4351-9C53-7BE2A1547BF9}.Release|Any CPU.ActiveCfg = Release|Any CPU
		{BF86F22B-ED58-4351-9C53-7BE2A1547BF9}.Release|Any CPU.Build.0 = Release|Any CPU
		{41E04BF1-A503-4FC9-B707-5C9AD3D8D2AF}.Debug|Any CPU.ActiveCfg = Debug|Any CPU
		{41E04BF1-A503-4FC9-B707-5C9AD3D8D2AF}.Debug|Any CPU.Build.0 = Debug|Any CPU
		{41E04BF1-A503-4FC9-B707-5C9AD3D8D2AF}.Release|Any CPU.ActiveCfg = Release|Any CPU
		{41E04BF1-A503-4FC9-B707-5C9AD3D8D2AF}.Release|Any CPU.Build.0 = Release|Any CPU
	EndGlobalSection
	GlobalSection(SolutionProperties) = preSolution
		HideSolutionNode = FALSE
	EndGlobalSection
	GlobalSection(ExtensibilityGlobals) = postSolution
		SolutionGuid = {56C111B6-E528-4195-9A3A-0A7A6EB02D49}
	EndGlobalSection
EndGlobal
